
Microsoft Visual Studio Solution File, Format Version 12.00
# Visual Studio Version 17
VisualStudioVersion = 17.0.31903.59
MinimumVisualStudioVersion = 10.0.40219.1
Project("{9A19103F-16F7-4668-BE54-9A1E7A4F7556}") = "trilha-net-azure-desafio", "trilha-net-azure-desafio.csproj", "{31C2701D-C503-4E05-B351-4325BACB0758}"
EndProject
Global
	GlobalSection(SolutionConfigurationPlatforms) = preSolution
		Debug|Any CPU = Debug|Any CPU
		Release|Any CPU = Release|Any CPU
	EndGlobalSection
	GlobalSection(ProjectConfigurationPlatforms) = postSolution
		{31C2701D-C503-4E05-B351-4325BACB0758}.Debug|Any CPU.ActiveCfg = Debug|Any CPU
		{31C2701D-C503-4E05-B351-4325BACB0758}.Debug|Any CPU.Build.0 = Debug|Any CPU
		{31C2701D-C503-4E05-B351-4325BACB0758}.Release|Any CPU.ActiveCfg = Release|Any CPU
		{31C2701D-C503-4E05-B351-4325BACB0758}.Release|Any CPU.Build.0 = Release|Any CPU
	EndGlobalSection
	GlobalSection(SolutionProperties) = preSolution
		HideSolutionNode = FALSE
	EndGlobalSection
	GlobalSection(ExtensibilityGlobals) = postSolution
		SolutionGuid = {5C1A2091-2E96-4C64-BB02-B1D5C323380F}
	EndGlobalSection
EndGlobal
